// !$*UTF8*$!
{
	archiveVersion = 1;
	classes = {
	};
	objectVersion = 50;
	objects = {

/* Begin PBXBuildFile section */
		25EF04E9F75A0981B8FAE9EB /* DataManager.swift in Sources */ = {isa = PBXBuildFile; fileRef = 25EF0323214C9F4DC68C9D3B /* DataManager.swift */; };
		25EF0C28368D969012FADDC8 /* PDFFileObject.swift in Sources */ = {isa = PBXBuildFile; fileRef = 25EF0F5C5D58D1F9FAF93B3D /* PDFFileObject.swift */; };
		56F20294687DDE19BEA2BB2E /* Pods_PDFCreator.framework in Frameworks */ = {isa = PBXBuildFile; fileRef = 36419FFBCC18400674B413A3 /* Pods_PDFCreator.framework */; };
		5A716EEE2533EE1A00CA6F75 /* AppDelegate.swift in Sources */ = {isa = PBXBuildFile; fileRef = 5A716EED2533EE1A00CA6F75 /* AppDelegate.swift */; };
		5A716EF02533EE1A00CA6F75 /* SceneDelegate.swift in Sources */ = {isa = PBXBuildFile; fileRef = 5A716EEF2533EE1A00CA6F75 /* SceneDelegate.swift */; };
		5A716EF22533EE1A00CA6F75 /* PDFListViewController.swift in Sources */ = {isa = PBXBuildFile; fileRef = 5A716EF12533EE1A00CA6F75 /* PDFListViewController.swift */; };
		5A716EF52533EE1A00CA6F75 /* Main.storyboard in Resources */ = {isa = PBXBuildFile; fileRef = 5A716EF32533EE1A00CA6F75 /* Main.storyboard */; };
		5A716EF72533EE1C00CA6F75 /* Assets.xcassets in Resources */ = {isa = PBXBuildFile; fileRef = 5A716EF62533EE1C00CA6F75 /* Assets.xcassets */; };
		5A716EFA2533EE1C00CA6F75 /* LaunchScreen.storyboard in Resources */ = {isa = PBXBuildFile; fileRef = 5A716EF82533EE1C00CA6F75 /* LaunchScreen.storyboard */; };
		5A716F052533EE1C00CA6F75 /* PDFCreatorTests.swift in Sources */ = {isa = PBXBuildFile; fileRef = 5A716F042533EE1C00CA6F75 /* PDFCreatorTests.swift */; };
		5A716F102533EE1C00CA6F75 /* PDFCreatorUITests.swift in Sources */ = {isa = PBXBuildFile; fileRef = 5A716F0F2533EE1C00CA6F75 /* PDFCreatorUITests.swift */; };
		733FD8C70BC18DBF1BFEEA13 /* Pods_PDFCreatorTests.framework in Frameworks */ = {isa = PBXBuildFile; fileRef = 26CBAD337929E125D7F5FFEF /* Pods_PDFCreatorTests.framework */; };
		F2311213EE80549E4B5FD472 /* Pods_PDFCreator_PDFCreatorUITests.framework in Frameworks */ = {isa = PBXBuildFile; fileRef = 048E13AE9042923634FF3113 /* Pods_PDFCreator_PDFCreatorUITests.framework */; };
/* End PBXBuildFile section */

/* Begin PBXContainerItemProxy section */
		5A716F012533EE1C00CA6F75 /* PBXContainerItemProxy */ = {
			isa = PBXContainerItemProxy;
			containerPortal = 5A716EE22533EE1A00CA6F75 /* Project object */;
			proxyType = 1;
			remoteGlobalIDString = 5A716EE92533EE1A00CA6F75;
			remoteInfo = PDFCreator;
		};
		5A716F0C2533EE1C00CA6F75 /* PBXContainerItemProxy */ = {
			isa = PBXContainerItemProxy;
			containerPortal = 5A716EE22533EE1A00CA6F75 /* Project object */;
			proxyType = 1;
			remoteGlobalIDString = 5A716EE92533EE1A00CA6F75;
			remoteInfo = PDFCreator;
		};
/* End PBXContainerItemProxy section */

/* Begin PBXFileReference section */
		048E13AE9042923634FF3113 /* Pods_PDFCreator_PDFCreatorUITests.framework */ = {isa = PBXFileReference; explicitFileType = wrapper.framework; includeInIndex = 0; path = Pods_PDFCreator_PDFCreatorUITests.framework; sourceTree = BUILT_PRODUCTS_DIR; };
		25EF0323214C9F4DC68C9D3B /* DataManager.swift */ = {isa = PBXFileReference; fileEncoding = 4; lastKnownFileType = sourcecode.swift; path = DataManager.swift; sourceTree = "<group>"; };
		25EF0F5C5D58D1F9FAF93B3D /* PDFFileObject.swift */ = {isa = PBXFileReference; fileEncoding = 4; lastKnownFileType = sourcecode.swift; path = PDFFileObject.swift; sourceTree = "<group>"; };
		26CBAD337929E125D7F5FFEF /* Pods_PDFCreatorTests.framework */ = {isa = PBXFileReference; explicitFileType = wrapper.framework; includeInIndex = 0; path = Pods_PDFCreatorTests.framework; sourceTree = BUILT_PRODUCTS_DIR; };
		36419FFBCC18400674B413A3 /* Pods_PDFCreator.framework */ = {isa = PBXFileReference; explicitFileType = wrapper.framework; includeInIndex = 0; path = Pods_PDFCreator.framework; sourceTree = BUILT_PRODUCTS_DIR; };
		3A4DF130495842A103D0C737 /* Pods-PDFCreator-PDFCreatorUITests.release.xcconfig */ = {isa = PBXFileReference; includeInIndex = 1; lastKnownFileType = text.xcconfig; name = "Pods-PDFCreator-PDFCreatorUITests.release.xcconfig"; path = "Target Support Files/Pods-PDFCreator-PDFCreatorUITests/Pods-PDFCreator-PDFCreatorUITests.release.xcconfig"; sourceTree = "<group>"; };
		43A5DEA0571D832895EC734D /* Pods-PDFCreator.debug.xcconfig */ = {isa = PBXFileReference; includeInIndex = 1; lastKnownFileType = text.xcconfig; name = "Pods-PDFCreator.debug.xcconfig"; path = "Target Support Files/Pods-PDFCreator/Pods-PDFCreator.debug.xcconfig"; sourceTree = "<group>"; };
		5A4DD6247D2C0B816007034D /* Pods-PDFCreatorTests.debug.xcconfig */ = {isa = PBXFileReference; includeInIndex = 1; lastKnownFileType = text.xcconfig; name = "Pods-PDFCreatorTests.debug.xcconfig"; path = "Target Support Files/Pods-PDFCreatorTests/Pods-PDFCreatorTests.debug.xcconfig"; sourceTree = "<group>"; };
		5A716EEA2533EE1A00CA6F75 /* PDFCreator.app */ = {isa = PBXFileReference; explicitFileType = wrapper.application; includeInIndex = 0; path = PDFCreator.app; sourceTree = BUILT_PRODUCTS_DIR; };
		5A716EED2533EE1A00CA6F75 /* AppDelegate.swift */ = {isa = PBXFileReference; lastKnownFileType = sourcecode.swift; path = AppDelegate.swift; sourceTree = "<group>"; };
		5A716EEF2533EE1A00CA6F75 /* SceneDelegate.swift */ = {isa = PBXFileReference; lastKnownFileType = sourcecode.swift; path = SceneDelegate.swift; sourceTree = "<group>"; };
		5A716EF12533EE1A00CA6F75 /* PDFListViewController.swift */ = {isa = PBXFileReference; lastKnownFileType = sourcecode.swift; path = PDFListViewController.swift; sourceTree = "<group>"; };
		5A716EF42533EE1A00CA6F75 /* Base */ = {isa = PBXFileReference; lastKnownFileType = file.storyboard; name = Base; path = Base.lproj/Main.storyboard; sourceTree = "<group>"; };
		5A716EF62533EE1C00CA6F75 /* Assets.xcassets */ = {isa = PBXFileReference; lastKnownFileType = folder.assetcatalog; path = Assets.xcassets; sourceTree = "<group>"; };
		5A716EF92533EE1C00CA6F75 /* Base */ = {isa = PBXFileReference; lastKnownFileType = file.storyboard; name = Base; path = Base.lproj/LaunchScreen.storyboard; sourceTree = "<group>"; };
		5A716EFB2533EE1C00CA6F75 /* Info.plist */ = {isa = PBXFileReference; lastKnownFileType = text.plist.xml; path = Info.plist; sourceTree = "<group>"; };
		5A716F002533EE1C00CA6F75 /* PDFCreatorTests.xctest */ = {isa = PBXFileReference; explicitFileType = wrapper.cfbundle; includeInIndex = 0; path = PDFCreatorTests.xctest; sourceTree = BUILT_PRODUCTS_DIR; };
		5A716F042533EE1C00CA6F75 /* PDFCreatorTests.swift */ = {isa = PBXFileReference; lastKnownFileType = sourcecode.swift; path = PDFCreatorTests.swift; sourceTree = "<group>"; };
		5A716F062533EE1C00CA6F75 /* Info.plist */ = {isa = PBXFileReference; lastKnownFileType = text.plist.xml; path = Info.plist; sourceTree = "<group>"; };
		5A716F0B2533EE1C00CA6F75 /* PDFCreatorUITests.xctest */ = {isa = PBXFileReference; explicitFileType = wrapper.cfbundle; includeInIndex = 0; path = PDFCreatorUITests.xctest; sourceTree = BUILT_PRODUCTS_DIR; };
		5A716F0F2533EE1C00CA6F75 /* PDFCreatorUITests.swift */ = {isa = PBXFileReference; lastKnownFileType = sourcecode.swift; path = PDFCreatorUITests.swift; sourceTree = "<group>"; };
		5A716F112533EE1C00CA6F75 /* Info.plist */ = {isa = PBXFileReference; lastKnownFileType = text.plist.xml; path = Info.plist; sourceTree = "<group>"; };
		972C3AA7E48CC6AD012DF5D6 /* Pods-PDFCreator-PDFCreatorUITests.debug.xcconfig */ = {isa = PBXFileReference; includeInIndex = 1; lastKnownFileType = text.xcconfig; name = "Pods-PDFCreator-PDFCreatorUITests.debug.xcconfig"; path = "Target Support Files/Pods-PDFCreator-PDFCreatorUITests/Pods-PDFCreator-PDFCreatorUITests.debug.xcconfig"; sourceTree = "<group>"; };
		A4D47553E9FE2635E1CE305C /* Pods-PDFCreatorTests.release.xcconfig */ = {isa = PBXFileReference; includeInIndex = 1; lastKnownFileType = text.xcconfig; name = "Pods-PDFCreatorTests.release.xcconfig"; path = "Target Support Files/Pods-PDFCreatorTests/Pods-PDFCreatorTests.release.xcconfig"; sourceTree = "<group>"; };
		F3DB452B1D64D4582BE4263A /* Pods-PDFCreator.release.xcconfig */ = {isa = PBXFileReference; includeInIndex = 1; lastKnownFileType = text.xcconfig; name = "Pods-PDFCreator.release.xcconfig"; path = "Target Support Files/Pods-PDFCreator/Pods-PDFCreator.release.xcconfig"; sourceTree = "<group>"; };
/* End PBXFileReference section */

/* Begin PBXFrameworksBuildPhase section */
		5A716EE72533EE1A00CA6F75 /* Frameworks */ = {
			isa = PBXFrameworksBuildPhase;
			buildActionMask = 2147483647;
			files = (
				56F20294687DDE19BEA2BB2E /* Pods_PDFCreator.framework in Frameworks */,
			);
			runOnlyForDeploymentPostprocessing = 0;
		};
		5A716EFD2533EE1C00CA6F75 /* Frameworks */ = {
			isa = PBXFrameworksBuildPhase;
			buildActionMask = 2147483647;
			files = (
				733FD8C70BC18DBF1BFEEA13 /* Pods_PDFCreatorTests.framework in Frameworks */,
			);
			runOnlyForDeploymentPostprocessing = 0;
		};
		5A716F082533EE1C00CA6F75 /* Frameworks */ = {
			isa = PBXFrameworksBuildPhase;
			buildActionMask = 2147483647;
			files = (
				F2311213EE80549E4B5FD472 /* Pods_PDFCreator_PDFCreatorUITests.framework in Frameworks */,
			);
			runOnlyForDeploymentPostprocessing = 0;
		};
/* End PBXFrameworksBuildPhase section */

/* Begin PBXGroup section */
		5A716EE12533EE1A00CA6F75 = {
			isa = PBXGroup;
			children = (
				5A716EEC2533EE1A00CA6F75 /* PDFCreator */,
				5A716F032533EE1C00CA6F75 /* PDFCreatorTests */,
				5A716F0E2533EE1C00CA6F75 /* PDFCreatorUITests */,
				5A716EEB2533EE1A00CA6F75 /* Products */,
				7DAF45893CCCD581564C386A /* Pods */,
				CD254C0E2515DE342C3C9A2B /* Frameworks */,
			);
			sourceTree = "<group>";
		};
		5A716EEB2533EE1A00CA6F75 /* Products */ = {
			isa = PBXGroup;
			children = (
				5A716EEA2533EE1A00CA6F75 /* PDFCreator.app */,
				5A716F002533EE1C00CA6F75 /* PDFCreatorTests.xctest */,
				5A716F0B2533EE1C00CA6F75 /* PDFCreatorUITests.xctest */,
			);
			name = Products;
			sourceTree = "<group>";
		};
		5A716EEC2533EE1A00CA6F75 /* PDFCreator */ = {
			isa = PBXGroup;
			children = (
				5A716EED2533EE1A00CA6F75 /* AppDelegate.swift */,
				5A716EEF2533EE1A00CA6F75 /* SceneDelegate.swift */,
				5A716EF12533EE1A00CA6F75 /* PDFListViewController.swift */,
				5A716EF32533EE1A00CA6F75 /* Main.storyboard */,
				5A716EF62533EE1C00CA6F75 /* Assets.xcassets */,
				5A716EF82533EE1C00CA6F75 /* LaunchScreen.storyboard */,
				5A716EFB2533EE1C00CA6F75 /* Info.plist */,
				25EF0F5C5D58D1F9FAF93B3D /* PDFFileObject.swift */,
				25EF0323214C9F4DC68C9D3B /* DataManager.swift */,
			);
			path = PDFCreator;
			sourceTree = "<group>";
		};
		5A716F032533EE1C00CA6F75 /* PDFCreatorTests */ = {
			isa = PBXGroup;
			children = (
				5A716F042533EE1C00CA6F75 /* PDFCreatorTests.swift */,
				5A716F062533EE1C00CA6F75 /* Info.plist */,
			);
			path = PDFCreatorTests;
			sourceTree = "<group>";
		};
		5A716F0E2533EE1C00CA6F75 /* PDFCreatorUITests */ = {
			isa = PBXGroup;
			children = (
				5A716F0F2533EE1C00CA6F75 /* PDFCreatorUITests.swift */,
				5A716F112533EE1C00CA6F75 /* Info.plist */,
			);
			path = PDFCreatorUITests;
			sourceTree = "<group>";
		};
		7DAF45893CCCD581564C386A /* Pods */ = {
			isa = PBXGroup;
			children = (
				43A5DEA0571D832895EC734D /* Pods-PDFCreator.debug.xcconfig */,
				F3DB452B1D64D4582BE4263A /* Pods-PDFCreator.release.xcconfig */,
				972C3AA7E48CC6AD012DF5D6 /* Pods-PDFCreator-PDFCreatorUITests.debug.xcconfig */,
				3A4DF130495842A103D0C737 /* Pods-PDFCreator-PDFCreatorUITests.release.xcconfig */,
				5A4DD6247D2C0B816007034D /* Pods-PDFCreatorTests.debug.xcconfig */,
				A4D47553E9FE2635E1CE305C /* Pods-PDFCreatorTests.release.xcconfig */,
			);
			name = Pods;
			path = Pods;
			sourceTree = "<group>";
		};
		CD254C0E2515DE342C3C9A2B /* Frameworks */ = {
			isa = PBXGroup;
			children = (
				36419FFBCC18400674B413A3 /* Pods_PDFCreator.framework */,
				048E13AE9042923634FF3113 /* Pods_PDFCreator_PDFCreatorUITests.framework */,
				26CBAD337929E125D7F5FFEF /* Pods_PDFCreatorTests.framework */,
			);
			name = Frameworks;
			sourceTree = "<group>";
		};
/* End PBXGroup section */

/* Begin PBXNativeTarget section */
		5A716EE92533EE1A00CA6F75 /* PDFCreator */ = {
			isa = PBXNativeTarget;
			buildConfigurationList = 5A716F142533EE1C00CA6F75 /* Build configuration list for PBXNativeTarget "PDFCreator" */;
			buildPhases = (
				58AEEB84E51ADB00D4A689F6 /* [CP] Check Pods Manifest.lock */,
				5A716EE62533EE1A00CA6F75 /* Sources */,
				5A716EE72533EE1A00CA6F75 /* Frameworks */,
				5A716EE82533EE1A00CA6F75 /* Resources */,
				3541636BE9A4BE97C30D1071 /* [CP] Embed Pods Frameworks */,
			);
			buildRules = (
			);
			dependencies = (
			);
			name = PDFCreator;
			productName = PDFCreator;
			productReference = 5A716EEA2533EE1A00CA6F75 /* PDFCreator.app */;
			productType = "com.apple.product-type.application";
		};
		5A716EFF2533EE1C00CA6F75 /* PDFCreatorTests */ = {
			isa = PBXNativeTarget;
			buildConfigurationList = 5A716F172533EE1C00CA6F75 /* Build configuration list for PBXNativeTarget "PDFCreatorTests" */;
			buildPhases = (
				99F30880FD5D9312EA36A286 /* [CP] Check Pods Manifest.lock */,
				5A716EFC2533EE1C00CA6F75 /* Sources */,
				5A716EFD2533EE1C00CA6F75 /* Frameworks */,
				5A716EFE2533EE1C00CA6F75 /* Resources */,
			);
			buildRules = (
			);
			dependencies = (
				5A716F022533EE1C00CA6F75 /* PBXTargetDependency */,
			);
			name = PDFCreatorTests;
			productName = PDFCreatorTests;
			productReference = 5A716F002533EE1C00CA6F75 /* PDFCreatorTests.xctest */;
			productType = "com.apple.product-type.bundle.unit-test";
		};
		5A716F0A2533EE1C00CA6F75 /* PDFCreatorUITests */ = {
			isa = PBXNativeTarget;
			buildConfigurationList = 5A716F1A2533EE1C00CA6F75 /* Build configuration list for PBXNativeTarget "PDFCreatorUITests" */;
			buildPhases = (
				16BE732B6F4F1CEA90B8CB9F /* [CP] Check Pods Manifest.lock */,
				5A716F072533EE1C00CA6F75 /* Sources */,
				5A716F082533EE1C00CA6F75 /* Frameworks */,
				5A716F092533EE1C00CA6F75 /* Resources */,
				A50391305A889341F3130B1C /* [CP] Embed Pods Frameworks */,
			);
			buildRules = (
			);
			dependencies = (
				5A716F0D2533EE1C00CA6F75 /* PBXTargetDependency */,
			);
			name = PDFCreatorUITests;
			productName = PDFCreatorUITests;
			productReference = 5A716F0B2533EE1C00CA6F75 /* PDFCreatorUITests.xctest */;
			productType = "com.apple.product-type.bundle.ui-testing";
		};
/* End PBXNativeTarget section */

/* Begin PBXProject section */
		5A716EE22533EE1A00CA6F75 /* Project object */ = {
			isa = PBXProject;
			attributes = {
				LastSwiftUpdateCheck = 1200;
				LastUpgradeCheck = 1200;
				TargetAttributes = {
					5A716EE92533EE1A00CA6F75 = {
						CreatedOnToolsVersion = 12.0.1;
					};
					5A716EFF2533EE1C00CA6F75 = {
						CreatedOnToolsVersion = 12.0.1;
						TestTargetID = 5A716EE92533EE1A00CA6F75;
					};
					5A716F0A2533EE1C00CA6F75 = {
						CreatedOnToolsVersion = 12.0.1;
						TestTargetID = 5A716EE92533EE1A00CA6F75;
					};
				};
			};
			buildConfigurationList = 5A716EE52533EE1A00CA6F75 /* Build configuration list for PBXProject "PDFCreator" */;
			compatibilityVersion = "Xcode 9.3";
			developmentRegion = en;
			hasScannedForEncodings = 0;
			knownRegions = (
				en,
				Base,
			);
			mainGroup = 5A716EE12533EE1A00CA6F75;
			productRefGroup = 5A716EEB2533EE1A00CA6F75 /* Products */;
			projectDirPath = "";
			projectRoot = "";
			targets = (
				5A716EE92533EE1A00CA6F75 /* PDFCreator */,
				5A716EFF2533EE1C00CA6F75 /* PDFCreatorTests */,
				5A716F0A2533EE1C00CA6F75 /* PDFCreatorUITests */,
			);
		};
/* End PBXProject section */

/* Begin PBXResourcesBuildPhase section */
		5A716EE82533EE1A00CA6F75 /* Resources */ = {
			isa = PBXResourcesBuildPhase;
			buildActionMask = 2147483647;
			files = (
				5A716EFA2533EE1C00CA6F75 /* LaunchScreen.storyboard in Resources */,
				5A716EF72533EE1C00CA6F75 /* Assets.xcassets in Resources */,
				5A716EF52533EE1A00CA6F75 /* Main.storyboard in Resources */,
			);
			runOnlyForDeploymentPostprocessing = 0;
		};
		5A716EFE2533EE1C00CA6F75 /* Resources */ = {
			isa = PBXResourcesBuildPhase;
			buildActionMask = 2147483647;
			files = (
			);
			runOnlyForDeploymentPostprocessing = 0;
		};
		5A716F092533EE1C00CA6F75 /* Resources */ = {
			isa = PBXResourcesBuildPhase;
			buildActionMask = 2147483647;
			files = (
			);
			runOnlyForDeploymentPostprocessing = 0;
		};
/* End PBXResourcesBuildPhase section */

/* Begin PBXShellScriptBuildPhase section */
		16BE732B6F4F1CEA90B8CB9F /* [CP] Check Pods Manifest.lock */ = {
			isa = PBXShellScriptBuildPhase;
			buildActionMask = 2147483647;
			files = (
			);
			inputFileListPaths = (
			);
			inputPaths = (
				"${PODS_PODFILE_DIR_PATH}/Podfile.lock",
				"${PODS_ROOT}/Manifest.lock",
			);
			name = "[CP] Check Pods Manifest.lock";
			outputFileListPaths = (
			);
			outputPaths = (
				"$(DERIVED_FILE_DIR)/Pods-PDFCreator-PDFCreatorUITests-checkManifestLockResult.txt",
			);
			runOnlyForDeploymentPostprocessing = 0;
			shellPath = /bin/sh;
			shellScript = "diff \"${PODS_PODFILE_DIR_PATH}/Podfile.lock\" \"${PODS_ROOT}/Manifest.lock\" > /dev/null\nif [ $? != 0 ] ; then\n    # print error to STDERR\n    echo \"error: The sandbox is not in sync with the Podfile.lock. Run 'pod install' or update your CocoaPods installation.\" >&2\n    exit 1\nfi\n# This output is used by Xcode 'outputs' to avoid re-running this script phase.\necho \"SUCCESS\" > \"${SCRIPT_OUTPUT_FILE_0}\"\n";
			showEnvVarsInLog = 0;
		};
		3541636BE9A4BE97C30D1071 /* [CP] Embed Pods Frameworks */ = {
			isa = PBXShellScriptBuildPhase;
			buildActionMask = 2147483647;
			files = (
			);
			inputFileListPaths = (
				"${PODS_ROOT}/Target Support Files/Pods-PDFCreator/Pods-PDFCreator-frameworks-${CONFIGURATION}-input-files.xcfilelist",
			);
			name = "[CP] Embed Pods Frameworks";
			outputFileListPaths = (
				"${PODS_ROOT}/Target Support Files/Pods-PDFCreator/Pods-PDFCreator-frameworks-${CONFIGURATION}-output-files.xcfilelist",
			);
			runOnlyForDeploymentPostprocessing = 0;
			shellPath = /bin/sh;
			shellScript = "\"${PODS_ROOT}/Target Support Files/Pods-PDFCreator/Pods-PDFCreator-frameworks.sh\"\n";
			showEnvVarsInLog = 0;
		};
		58AEEB84E51ADB00D4A689F6 /* [CP] Check Pods Manifest.lock */ = {
			isa = PBXShellScriptBuildPhase;
			buildActionMask = 2147483647;
			files = (
			);
			inputFileListPaths = (
			);
			inputPaths = (
				"${PODS_PODFILE_DIR_PATH}/Podfile.lock",
				"${PODS_ROOT}/Manifest.lock",
			);
			name = "[CP] Check Pods Manifest.lock";
			outputFileListPaths = (
			);
			outputPaths = (
				"$(DERIVED_FILE_DIR)/Pods-PDFCreator-checkManifestLockResult.txt",
			);
			runOnlyForDeploymentPostprocessing = 0;
			shellPath = /bin/sh;
			shellScript = "diff \"${PODS_PODFILE_DIR_PATH}/Podfile.lock\" \"${PODS_ROOT}/Manifest.lock\" > /dev/null\nif [ $? != 0 ] ; then\n    # print error to STDERR\n    echo \"error: The sandbox is not in sync with the Podfile.lock. Run 'pod install' or update your CocoaPods installation.\" >&2\n    exit 1\nfi\n# This output is used by Xcode 'outputs' to avoid re-running this script phase.\necho \"SUCCESS\" > \"${SCRIPT_OUTPUT_FILE_0}\"\n";
			showEnvVarsInLog = 0;
		};
		99F30880FD5D9312EA36A286 /* [CP] Check Pods Manifest.lock */ = {
			isa = PBXShellScriptBuildPhase;
			buildActionMask = 2147483647;
			files = (
			);
			inputFileListPaths = (
			);
			inputPaths = (
				"${PODS_PODFILE_DIR_PATH}/Podfile.lock",
				"${PODS_ROOT}/Manifest.lock",
			);
			name = "[CP] Check Pods Manifest.lock";
			outputFileListPaths = (
			);
			outputPaths = (
				"$(DERIVED_FILE_DIR)/Pods-PDFCreatorTests-checkManifestLockResult.txt",
			);
			runOnlyForDeploymentPostprocessing = 0;
			shellPath = /bin/sh;
			shellScript = "diff \"${PODS_PODFILE_DIR_PATH}/Podfile.lock\" \"${PODS_ROOT}/Manifest.lock\" > /dev/null\nif [ $? != 0 ] ; then\n    # print error to STDERR\n    echo \"error: The sandbox is not in sync with the Podfile.lock. Run 'pod install' or update your CocoaPods installation.\" >&2\n    exit 1\nfi\n# This output is used by Xcode 'outputs' to avoid re-running this script phase.\necho \"SUCCESS\" > \"${SCRIPT_OUTPUT_FILE_0}\"\n";
			showEnvVarsInLog = 0;
		};
		A50391305A889341F3130B1C /* [CP] Embed Pods Frameworks */ = {
			isa = PBXShellScriptBuildPhase;
			buildActionMask = 2147483647;
			files = (
			);
			inputFileListPaths = (
				"${PODS_ROOT}/Target Support Files/Pods-PDFCreator-PDFCreatorUITests/Pods-PDFCreator-PDFCreatorUITests-frameworks-${CONFIGURATION}-input-files.xcfilelist",
			);
			name = "[CP] Embed Pods Frameworks";
			outputFileListPaths = (
				"${PODS_ROOT}/Target Support Files/Pods-PDFCreator-PDFCreatorUITests/Pods-PDFCreator-PDFCreatorUITests-frameworks-${CONFIGURATION}-output-files.xcfilelist",
			);
			runOnlyForDeploymentPostprocessing = 0;
			shellPath = /bin/sh;
			shellScript = "\"${PODS_ROOT}/Target Support Files/Pods-PDFCreator-PDFCreatorUITests/Pods-PDFCreator-PDFCreatorUITests-frameworks.sh\"\n";
			showEnvVarsInLog = 0;
		};
/* End PBXShellScriptBuildPhase section */

/* Begin PBXSourcesBuildPhase section */
		5A716EE62533EE1A00CA6F75 /* Sources */ = {
			isa = PBXSourcesBuildPhase;
			buildActionMask = 2147483647;
			files = (
				5A716EF22533EE1A00CA6F75 /* PDFListViewController.swift in Sources */,
				5A716EEE2533EE1A00CA6F75 /* AppDelegate.swift in Sources */,
				5A716EF02533EE1A00CA6F75 /* SceneDelegate.swift in Sources */,
				25EF0C28368D969012FADDC8 /* PDFFileObject.swift in Sources */,
				25EF04E9F75A0981B8FAE9EB /* DataManager.swift in Sources */,
			);
			runOnlyForDeploymentPostprocessing = 0;
		};
		5A716EFC2533EE1C00CA6F75 /* Sources */ = {
			isa = PBXSourcesBuildPhase;
			buildActionMask = 2147483647;
			files = (
				5A716F052533EE1C00CA6F75 /* PDFCreatorTests.swift in Sources */,
			);
			runOnlyForDeploymentPostprocessing = 0;
		};
		5A716F072533EE1C00CA6F75 /* Sources */ = {
			isa = PBXSourcesBuildPhase;
			buildActionMask = 2147483647;
			files = (
				5A716F102533EE1C00CA6F75 /* PDFCreatorUITests.swift in Sources */,
			);
			runOnlyForDeploymentPostprocessing = 0;
		};
/* End PBXSourcesBuildPhase section */

/* Begin PBXTargetDependency section */
		5A716F022533EE1C00CA6F75 /* PBXTargetDependency */ = {
			isa = PBXTargetDependency;
			target = 5A716EE92533EE1A00CA6F75 /* PDFCreator */;
			targetProxy = 5A716F012533EE1C00CA6F75 /* PBXContainerItemProxy */;
		};
		5A716F0D2533EE1C00CA6F75 /* PBXTargetDependency */ = {
			isa = PBXTargetDependency;
			target = 5A716EE92533EE1A00CA6F75 /* PDFCreator */;
			targetProxy = 5A716F0C2533EE1C00CA6F75 /* PBXContainerItemProxy */;
		};
/* End PBXTargetDependency section */

/* Begin PBXVariantGroup section */
		5A716EF32533EE1A00CA6F75 /* Main.storyboard */ = {
			isa = PBXVariantGroup;
			children = (
				5A716EF42533EE1A00CA6F75 /* Base */,
			);
			name = Main.storyboard;
			sourceTree = "<group>";
		};
		5A716EF82533EE1C00CA6F75 /* LaunchScreen.storyboard */ = {
			isa = PBXVariantGroup;
			children = (
				5A716EF92533EE1C00CA6F75 /* Base */,
			);
			name = LaunchScreen.storyboard;
			sourceTree = "<group>";
		};
/* End PBXVariantGroup section */

/* Begin XCBuildConfiguration section */
		5A716F122533EE1C00CA6F75 /* Debug */ = {
			isa = XCBuildConfiguration;
			buildSettings = {
				ALWAYS_SEARCH_USER_PATHS = NO;
				CLANG_ANALYZER_NONNULL = YES;
				CLANG_ANALYZER_NUMBER_OBJECT_CONVERSION = YES_AGGRESSIVE;
				CLANG_CXX_LANGUAGE_STANDARD = "gnu++14";
				CLANG_CXX_LIBRARY = "libc++";
				CLANG_ENABLE_MODULES = YES;
				CLANG_ENABLE_OBJC_ARC = YES;
				CLANG_ENABLE_OBJC_WEAK = YES;
				CLANG_WARN_BLOCK_CAPTURE_AUTORELEASING = YES;
				CLANG_WARN_BOOL_CONVERSION = YES;
				CLANG_WARN_COMMA = YES;
				CLANG_WARN_CONSTANT_CONVERSION = YES;
				CLANG_WARN_DEPRECATED_OBJC_IMPLEMENTATIONS = YES;
				CLANG_WARN_DIRECT_OBJC_ISA_USAGE = YES_ERROR;
				CLANG_WARN_DOCUMENTATION_COMMENTS = YES;
				CLANG_WARN_EMPTY_BODY = YES;
				CLANG_WARN_ENUM_CONVERSION = YES;
				CLANG_WARN_INFINITE_RECURSION = YES;
				CLANG_WARN_INT_CONVERSION = YES;
				CLANG_WARN_NON_LITERAL_NULL_CONVERSION = YES;
				CLANG_WARN_OBJC_IMPLICIT_RETAIN_SELF = YES;
				CLANG_WARN_OBJC_LITERAL_CONVERSION = YES;
				CLANG_WARN_OBJC_ROOT_CLASS = YES_ERROR;
				CLANG_WARN_QUOTED_INCLUDE_IN_FRAMEWORK_HEADER = YES;
				CLANG_WARN_RANGE_LOOP_ANALYSIS = YES;
				CLANG_WARN_STRICT_PROTOTYPES = YES;
				CLANG_WARN_SUSPICIOUS_MOVE = YES;
				CLANG_WARN_UNGUARDED_AVAILABILITY = YES_AGGRESSIVE;
				CLANG_WARN_UNREACHABLE_CODE = YES;
				CLANG_WARN__DUPLICATE_METHOD_MATCH = YES;
				COPY_PHASE_STRIP = NO;
				DEBUG_INFORMATION_FORMAT = dwarf;
				ENABLE_STRICT_OBJC_MSGSEND = YES;
				ENABLE_TESTABILITY = YES;
				GCC_C_LANGUAGE_STANDARD = gnu11;
				GCC_DYNAMIC_NO_PIC = NO;
				GCC_NO_COMMON_BLOCKS = YES;
				GCC_OPTIMIZATION_LEVEL = 0;
				GCC_PREPROCESSOR_DEFINITIONS = (
					"DEBUG=1",
					"$(inherited)",
				);
				GCC_WARN_64_TO_32_BIT_CONVERSION = YES;
				GCC_WARN_ABOUT_RETURN_TYPE = YES_ERROR;
				GCC_WARN_UNDECLARED_SELECTOR = YES;
				GCC_WARN_UNINITIALIZED_AUTOS = YES_AGGRESSIVE;
				GCC_WARN_UNUSED_FUNCTION = YES;
				GCC_WARN_UNUSED_VARIABLE = YES;
				IPHONEOS_DEPLOYMENT_TARGET = 14.0;
				MTL_ENABLE_DEBUG_INFO = INCLUDE_SOURCE;
				MTL_FAST_MATH = YES;
				ONLY_ACTIVE_ARCH = YES;
				SDKROOT = iphoneos;
				SWIFT_ACTIVE_COMPILATION_CONDITIONS = DEBUG;
				SWIFT_OPTIMIZATION_LEVEL = "-Onone";
			};
			name = Debug;
		};
		5A716F132533EE1C00CA6F75 /* Release */ = {
			isa = XCBuildConfiguration;
			buildSettings = {
				ALWAYS_SEARCH_USER_PATHS = NO;
				CLANG_ANALYZER_NONNULL = YES;
				CLANG_ANALYZER_NUMBER_OBJECT_CONVERSION = YES_AGGRESSIVE;
				CLANG_CXX_LANGUAGE_STANDARD = "gnu++14";
				CLANG_CXX_LIBRARY = "libc++";
				CLANG_ENABLE_MODULES = YES;
				CLANG_ENABLE_OBJC_ARC = YES;
				CLANG_ENABLE_OBJC_WEAK = YES;
				CLANG_WARN_BLOCK_CAPTURE_AUTORELEASING = YES;
				CLANG_WARN_BOOL_CONVERSION = YES;
				CLANG_WARN_COMMA = YES;
				CLANG_WARN_CONSTANT_CONVERSION = YES;
				CLANG_WARN_DEPRECATED_OBJC_IMPLEMENTATIONS = YES;
				CLANG_WARN_DIRECT_OBJC_ISA_USAGE = YES_ERROR;
				CLANG_WARN_DOCUMENTATION_COMMENTS = YES;
				CLANG_WARN_EMPTY_BODY = YES;
				CLANG_WARN_ENUM_CONVERSION = YES;
				CLANG_WARN_INFINITE_RECURSION = YES;
				CLANG_WARN_INT_CONVERSION = YES;
				CLANG_WARN_NON_LITERAL_NULL_CONVERSION = YES;
				CLANG_WARN_OBJC_IMPLICIT_RETAIN_SELF = YES;
				CLANG_WARN_OBJC_LITERAL_CONVERSION = YES;
				CLANG_WARN_OBJC_ROOT_CLASS = YES_ERROR;
				CLANG_WARN_QUOTED_INCLUDE_IN_FRAMEWORK_HEADER = YES;
				CLANG_WARN_RANGE_LOOP_ANALYSIS = YES;
				CLANG_WARN_STRICT_PROTOTYPES = YES;
				CLANG_WARN_SUSPICIOUS_MOVE = YES;
				CLANG_WARN_UNGUARDED_AVAILABILITY = YES_AGGRESSIVE;
				CLANG_WARN_UNREACHABLE_CODE = YES;
				CLANG_WARN__DUPLICATE_METHOD_MATCH = YES;
				COPY_PHASE_STRIP = NO;
				DEBUG_INFORMATION_FORMAT = "dwarf-with-dsym";
				ENABLE_NS_ASSERTIONS = NO;
				ENABLE_STRICT_OBJC_MSGSEND = YES;
				GCC_C_LANGUAGE_STANDARD = gnu11;
				GCC_NO_COMMON_BLOCKS = YES;
				GCC_WARN_64_TO_32_BIT_CONVERSION = YES;
				GCC_WARN_ABOUT_RETURN_TYPE = YES_ERROR;
				GCC_WARN_UNDECLARED_SELECTOR = YES;
				GCC_WARN_UNINITIALIZED_AUTOS = YES_AGGRESSIVE;
				GCC_WARN_UNUSED_FUNCTION = YES;
				GCC_WARN_UNUSED_VARIABLE = YES;
				IPHONEOS_DEPLOYMENT_TARGET = 14.0;
				MTL_ENABLE_DEBUG_INFO = NO;
				MTL_FAST_MATH = YES;
				SDKROOT = iphoneos;
				SWIFT_COMPILATION_MODE = wholemodule;
				SWIFT_OPTIMIZATION_LEVEL = "-O";
				VALIDATE_PRODUCT = YES;
			};
			name = Release;
		};
		5A716F152533EE1C00CA6F75 /* Debug */ = {
			isa = XCBuildConfiguration;
			baseConfigurationReference = 43A5DEA0571D832895EC734D /* Pods-PDFCreator.debug.xcconfig */;
			buildSettings = {
				ASSETCATALOG_COMPILER_APPICON_NAME = AppIcon;
				ASSETCATALOG_COMPILER_GLOBAL_ACCENT_COLOR_NAME = AccentColor;
				CODE_SIGN_STYLE = Automatic;
				DEVELOPMENT_TEAM = E9MW74DJ4Y;
				INFOPLIST_FILE = PDFCreator/Info.plist;
				IPHONEOS_DEPLOYMENT_TARGET = 13.0;
				LD_RUNPATH_SEARCH_PATHS = (
					"$(inherited)",
					"@executable_path/Frameworks",
				);
				PRODUCT_BUNDLE_IDENTIFIER = io.github.sweeper777.PDFCreator;
				PRODUCT_NAME = "$(TARGET_NAME)";
				SWIFT_VERSION = 5.0;
				TARGETED_DEVICE_FAMILY = "1,2";
			};
			name = Debug;
		};
		5A716F162533EE1C00CA6F75 /* Release */ = {
			isa = XCBuildConfiguration;
			baseConfigurationReference = F3DB452B1D64D4582BE4263A /* Pods-PDFCreator.release.xcconfig */;
			buildSettings = {
				ASSETCATALOG_COMPILER_APPICON_NAME = AppIcon;
				ASSETCATALOG_COMPILER_GLOBAL_ACCENT_COLOR_NAME = AccentColor;
				CODE_SIGN_STYLE = Automatic;
				DEVELOPMENT_TEAM = E9MW74DJ4Y;
				INFOPLIST_FILE = PDFCreator/Info.plist;
				IPHONEOS_DEPLOYMENT_TARGET = 13.0;
				LD_RUNPATH_SEARCH_PATHS = (
					"$(inherited)",
					"@executable_path/Frameworks",
				);
				PRODUCT_BUNDLE_IDENTIFIER = io.github.sweeper777.PDFCreator;
				PRODUCT_NAME = "$(TARGET_NAME)";
				SWIFT_VERSION = 5.0;
				TARGETED_DEVICE_FAMILY = "1,2";
			};
			name = Release;
		};
		5A716F182533EE1C00CA6F75 /* Debug */ = {
			isa = XCBuildConfiguration;
			baseConfigurationReference = 5A4DD6247D2C0B816007034D /* Pods-PDFCreatorTests.debug.xcconfig */;
			buildSettings = {
				ALWAYS_EMBED_SWIFT_STANDARD_LIBRARIES = YES;
				BUNDLE_LOADER = "$(TEST_HOST)";
				CODE_SIGN_STYLE = Automatic;
				DEVELOPMENT_TEAM = E9MW74DJ4Y;
				INFOPLIST_FILE = PDFCreatorTests/Info.plist;
				IPHONEOS_DEPLOYMENT_TARGET = 14.0;
				LD_RUNPATH_SEARCH_PATHS = (
					"$(inherited)",
					"@executable_path/Frameworks",
					"@loader_path/Frameworks",
				);
				PRODUCT_BUNDLE_IDENTIFIER = io.github.sweeper777.PDFCreatorTests;
				PRODUCT_NAME = "$(TARGET_NAME)";
				SWIFT_VERSION = 5.0;
				TARGETED_DEVICE_FAMILY = "1,2";
				TEST_HOST = "$(BUILT_PRODUCTS_DIR)/PDFCreator.app/PDFCreator";
			};
			name = Debug;
		};
		5A716F192533EE1C00CA6F75 /* Release */ = {
			isa = XCBuildConfiguration;
			baseConfigurationReference = A4D47553E9FE2635E1CE305C /* Pods-PDFCreatorTests.release.xcconfig */;
			buildSettings = {
				ALWAYS_EMBED_SWIFT_STANDARD_LIBRARIES = YES;
				BUNDLE_LOADER = "$(TEST_HOST)";
				CODE_SIGN_STYLE = Automatic;
				DEVELOPMENT_TEAM = E9MW74DJ4Y;
				INFOPLIST_FILE = PDFCreatorTests/Info.plist;
				IPHONEOS_DEPLOYMENT_TARGET = 14.0;
				LD_RUNPATH_SEARCH_PATHS = (
					"$(inherited)",
					"@executable_path/Frameworks",
					"@loader_path/Frameworks",
				);
				PRODUCT_BUNDLE_IDENTIFIER = io.github.sweeper777.PDFCreatorTests;
				PRODUCT_NAME = "$(TARGET_NAME)";
				SWIFT_VERSION = 5.0;
				TARGETED_DEVICE_FAMILY = "1,2";
				TEST_HOST = "$(BUILT_PRODUCTS_DIR)/PDFCreator.app/PDFCreator";
			};
			name = Release;
		};
		5A716F1B2533EE1C00CA6F75 /* Debug */ = {
			isa = XCBuildConfiguration;
			baseConfigurationReference = 972C3AA7E48CC6AD012DF5D6 /* Pods-PDFCreator-PDFCreatorUITests.debug.xcconfig */;
			buildSettings = {
				ALWAYS_EMBED_SWIFT_STANDARD_LIBRARIES = YES;
				CODE_SIGN_STYLE = Automatic;
				DEVELOPMENT_TEAM = E9MW74DJ4Y;
				INFOPLIST_FILE = PDFCreatorUITests/Info.plist;
				LD_RUNPATH_SEARCH_PATHS = (
					"$(inherited)",
					"@executable_path/Frameworks",
					"@loader_path/Frameworks",
				);
				PRODUCT_BUNDLE_IDENTIFIER = io.github.sweeper777.PDFCreatorUITests;
				PRODUCT_NAME = "$(TARGET_NAME)";
				SWIFT_VERSION = 5.0;
				TARGETED_DEVICE_FAMILY = "1,2";
				TEST_TARGET_NAME = PDFCreator;
			};
			name = Debug;
		};
		5A716F1C2533EE1C00CA6F75 /* Release */ = {
			isa = XCBuildConfiguration;
			baseConfigurationReference = 3A4DF130495842A103D0C737 /* Pods-PDFCreator-PDFCreatorUITests.release.xcconfig */;
			buildSettings = {
				ALWAYS_EMBED_SWIFT_STANDARD_LIBRARIES = YES;
				CODE_SIGN_STYLE = Automatic;
				DEVELOPMENT_TEAM = E9MW74DJ4Y;
				INFOPLIST_FILE = PDFCreatorUITests/Info.plist;
				LD_RUNPATH_SEARCH_PATHS = (
					"$(inherited)",
					"@executable_path/Frameworks",
					"@loader_path/Frameworks",
				);
				PRODUCT_BUNDLE_IDENTIFIER = io.github.sweeper777.PDFCreatorUITests;
				PRODUCT_NAME = "$(TARGET_NAME)";
				SWIFT_VERSION = 5.0;
				TARGETED_DEVICE_FAMILY = "1,2";
				TEST_TARGET_NAME = PDFCreator;
			};
			name = Release;
		};
/* End XCBuildConfiguration section */

/* Begin XCConfigurationList section */
		5A716EE52533EE1A00CA6F75 /* Build configuration list for PBXProject "PDFCreator" */ = {
			isa = XCConfigurationList;
			buildConfigurations = (
				5A716F122533EE1C00CA6F75 /* Debug */,
				5A716F132533EE1C00CA6F75 /* Release */,
			);
			defaultConfigurationIsVisible = 0;
			defaultConfigurationName = Release;
		};
		5A716F142533EE1C00CA6F75 /* Build configuration list for PBXNativeTarget "PDFCreator" */ = {
			isa = XCConfigurationList;
			buildConfigurations = (
				5A716F152533EE1C00CA6F75 /* Debug */,
				5A716F162533EE1C00CA6F75 /* Release */,
			);
			defaultConfigurationIsVisible = 0;
			defaultConfigurationName = Release;
		};
		5A716F172533EE1C00CA6F75 /* Build configuration list for PBXNativeTarget "PDFCreatorTests" */ = {
			isa = XCConfigurationList;
			buildConfigurations = (
				5A716F182533EE1C00CA6F75 /* Debug */,
				5A716F192533EE1C00CA6F75 /* Release */,
			);
			defaultConfigurationIsVisible = 0;
			defaultConfigurationName = Release;
		};
		5A716F1A2533EE1C00CA6F75 /* Build configuration list for PBXNativeTarget "PDFCreatorUITests" */ = {
			isa = XCConfigurationList;
			buildConfigurations = (
				5A716F1B2533EE1C00CA6F75 /* Debug */,
				5A716F1C2533EE1C00CA6F75 /* Release */,
			);
			defaultConfigurationIsVisible = 0;
			defaultConfigurationName = Release;
		};
/* End XCConfigurationList section */
	};
	rootObject = 5A716EE22533EE1A00CA6F75 /* Project object */;
}
